
Microsoft Visual Studio Solution File, Format Version 12.00
# Visual Studio Version 16
VisualStudioVersion = 16.0.32602.291
MinimumVisualStudioVersion = 10.0.40219.1
Project("{8BC9CEB8-8B4A-11D0-8D11-00A0C91BC942}") = "beast-http-server", "beast-http-server\beast-http-server.vcxproj", "{B01145C9-7340-442B-995E-E95CF65FFBB3}"
EndProject
Project("{8BC9CEB8-8B4A-11D0-8D11-00A0C91BC942}") = "http-websocket-server", "http-websocket-server\http-websocket-server.vcxproj", "{5084D545-A34A-4A2E-9440-F422966B35C6}"
EndProject
Global
	GlobalSection(SolutionConfigurationPlatforms) = preSolution
		Debug|x64 = Debug|x64
		Debug|x86 = Debug|x86
		Release|x64 = Release|x64
		Release|x86 = Release|x86
	EndGlobalSection
	GlobalSection(ProjectConfigurationPlatforms) = postSolution
		{B01145C9-7340-442B-995E-E95CF65FFBB3}.Debug|x64.ActiveCfg = Debug|x64
		{B01145C9-7340-442B-995E-E95CF65FFBB3}.Debug|x64.Build.0 = Debug|x64
		{B01145C9-7340-442B-995E-E95CF65FFBB3}.Debug|x86.ActiveCfg = Debug|Win32
		{B01145C9-7340-442B-995E-E95CF65FFBB3}.Debug|x86.Build.0 = Debug|Win32
		{B01145C9-7340-442B-995E-E95CF65FFBB3}.Release|x64.ActiveCfg = Release|x64
		{B01145C9-7340-442B-995E-E95CF65FFBB3}.Release|x64.Build.0 = Release|x64
		{B01145C9-7340-442B-995E-E95CF65FFBB3}.Release|x86.ActiveCfg = Release|Win32
		{B01145C9-7340-442B-995E-E95CF65FFBB3}.Release|x86.Build.0 = Release|Win32
		{5084D545-A34A-4A2E-9440-F422966B35C6}.Debug|x64.ActiveCfg = Debug|x64
		{5084D545-A34A-4A2E-9440-F422966B35C6}.Debug|x64.Build.0 = Debug|x64
		{5084D545-A34A-4A2E-9440-F422966B35C6}.Debug|x86.ActiveCfg = Debug|Win32
		{5084D545-A34A-4A2E-9440-F422966B35C6}.Debug|x86.Build.0 = Debug|Win32
		{5084D545-A34A-4A2E-9440-F422966B35C6}.Release|x64.ActiveCfg = Release|x64
		{5084D545-A34A-4A2E-9440-F422966B35C6}.Release|x64.Build.0 = Release|x64
		{5084D545-A34A-4A2E-9440-F422966B35C6}.Release|x86.ActiveCfg = Release|Win32
		{5084D545-A34A-4A2E-9440-F422966B35C6}.Release|x86.Build.0 = Release|Win32
	EndGlobalSection
	GlobalSection(SolutionProperties) = preSolution
		HideSolutionNode = FALSE
	EndGlobalSection
	GlobalSection(ExtensibilityGlobals) = postSolution
		SolutionGuid = {B0920272-643D-46E5-A63A-F054F8A571A7}
	EndGlobalSection
EndGlobal
