
Microsoft Visual Studio Solution File, Format Version 12.00
# Visual Studio Version 16
VisualStudioVersion = 16.0.32602.291
MinimumVisualStudioVersion = 10.0.40219.1
Project("{8BC9CEB8-8B4A-11D0-8D11-00A0C91BC942}") = "day09-AsyncServer", "day09-AsyncServer\day09-AsyncServer.vcxproj", "{B95E77D3-1A8E-4C97-81DC-A46E333DA9B3}"
EndProject
Project("{8BC9CEB8-8B4A-11D0-8D11-00A0C91BC942}") = "day09-ClientServer", "day09-ClientServer\day09-ClientServer.vcxproj", "{170841DC-A7C3-4767-83BB-C83BA0EF81E2}"
EndProject
Global
	GlobalSection(SolutionConfigurationPlatforms) = preSolution
		Debug|x64 = Debug|x64
		Debug|x86 = Debug|x86
		Release|x64 = Release|x64
		Release|x86 = Release|x86
	EndGlobalSection
	GlobalSection(ProjectConfigurationPlatforms) = postSolution
		{B95E77D3-1A8E-4C97-81DC-A46E333DA9B3}.Debug|x64.ActiveCfg = Debug|x64
		{B95E77D3-1A8E-4C97-81DC-A46E333DA9B3}.Debug|x64.Build.0 = Debug|x64
		{B95E77D3-1A8E-4C97-81DC-A46E333DA9B3}.Debug|x86.ActiveCfg = Debug|Win32
		{B95E77D3-1A8E-4C97-81DC-A46E333DA9B3}.Debug|x86.Build.0 = Debug|Win32
		{B95E77D3-1A8E-4C97-81DC-A46E333DA9B3}.Release|x64.ActiveCfg = Release|x64
		{B95E77D3-1A8E-4C97-81DC-A46E333DA9B3}.Release|x64.Build.0 = Release|x64
		{B95E77D3-1A8E-4C97-81DC-A46E333DA9B3}.Release|x86.ActiveCfg = Release|Win32
		{B95E77D3-1A8E-4C97-81DC-A46E333DA9B3}.Release|x86.Build.0 = Release|Win32
		{170841DC-A7C3-4767-83BB-C83BA0EF81E2}.Debug|x64.ActiveCfg = Debug|x64
		{170841DC-A7C3-4767-83BB-C83BA0EF81E2}.Debug|x64.Build.0 = Debug|x64
		{170841DC-A7C3-4767-83BB-C83BA0EF81E2}.Debug|x86.ActiveCfg = Debug|Win32
		{170841DC-A7C3-4767-83BB-C83BA0EF81E2}.Debug|x86.Build.0 = Debug|Win32
		{170841DC-A7C3-4767-83BB-C83BA0EF81E2}.Release|x64.ActiveCfg = Release|x64
		{170841DC-A7C3-4767-83BB-C83BA0EF81E2}.Release|x64.Build.0 = Release|x64
		{170841DC-A7C3-4767-83BB-C83BA0EF81E2}.Release|x86.ActiveCfg = Release|Win32
		{170841DC-A7C3-4767-83BB-C83BA0EF81E2}.Release|x86.Build.0 = Release|Win32
	EndGlobalSection
	GlobalSection(SolutionProperties) = preSolution
		HideSolutionNode = FALSE
	EndGlobalSection
	GlobalSection(ExtensibilityGlobals) = postSolution
		SolutionGuid = {DAA57A51-D4B6-41BF-8795-DDBFF3554858}
	EndGlobalSection
EndGlobal
