
Microsoft Visual Studio Solution File, Format Version 12.00
# Visual Studio Version 16
VisualStudioVersion = 16.0.32602.291
MinimumVisualStudioVersion = 10.0.40219.1
Project("{8BC9CEB8-8B4A-11D0-8D11-00A0C91BC942}") = "day15-threadsafehash", "day15-threadsafehash.vcxproj", "{CA85EC6E-9B32-484F-8FA8-6DCB7F4DF7CF}"
EndProject
Global
	GlobalSection(SolutionConfigurationPlatforms) = preSolution
		Debug|x64 = Debug|x64
		Debug|x86 = Debug|x86
		Release|x64 = Release|x64
		Release|x86 = Release|x86
	EndGlobalSection
	GlobalSection(ProjectConfigurationPlatforms) = postSolution
		{CA85EC6E-9B32-484F-8FA8-6DCB7F4DF7CF}.Debug|x64.ActiveCfg = Debug|x64
		{CA85EC6E-9B32-484F-8FA8-6DCB7F4DF7CF}.Debug|x64.Build.0 = Debug|x64
		{CA85EC6E-9B32-484F-8FA8-6DCB7F4DF7CF}.Debug|x86.ActiveCfg = Debug|Win32
		{CA85EC6E-9B32-484F-8FA8-6DCB7F4DF7CF}.Debug|x86.Build.0 = Debug|Win32
		{CA85EC6E-9B32-484F-8FA8-6DCB7F4DF7CF}.Release|x64.ActiveCfg = Release|x64
		{CA85EC6E-9B32-484F-8FA8-6DCB7F4DF7CF}.Release|x64.Build.0 = Release|x64
		{CA85EC6E-9B32-484F-8FA8-6DCB7F4DF7CF}.Release|x86.ActiveCfg = Release|Win32
		{CA85EC6E-9B32-484F-8FA8-6DCB7F4DF7CF}.Release|x86.Build.0 = Release|Win32
	EndGlobalSection
	GlobalSection(SolutionProperties) = preSolution
		HideSolutionNode = FALSE
	EndGlobalSection
	GlobalSection(ExtensibilityGlobals) = postSolution
		SolutionGuid = {7FF209F9-F082-4A97-A5C2-4FCFB57C9E78}
	EndGlobalSection
EndGlobal
