
Microsoft Visual Studio Solution File, Format Version 12.00
# Visual Studio Version 16
VisualStudioVersion = 16.0.34114.132
MinimumVisualStudioVersion = 10.0.40219.1
Project("{8BC9CEB8-8B4A-11D0-8D11-00A0C91BC942}") = "day14-ThreadSafeContainer", "day14-ThreadSafeContainer\day14-ThreadSafeContainer.vcxproj", "{A8865CD9-327E-4F08-B481-2465DF2629DB}"
EndProject
Global
	GlobalSection(SolutionConfigurationPlatforms) = preSolution
		Debug|x64 = Debug|x64
		Debug|x86 = Debug|x86
		Release|x64 = Release|x64
		Release|x86 = Release|x86
	EndGlobalSection
	GlobalSection(ProjectConfigurationPlatforms) = postSolution
		{A8865CD9-327E-4F08-B481-2465DF2629DB}.Debug|x64.ActiveCfg = Debug|x64
		{A8865CD9-327E-4F08-B481-2465DF2629DB}.Debug|x64.Build.0 = Debug|x64
		{A8865CD9-327E-4F08-B481-2465DF2629DB}.Debug|x86.ActiveCfg = Debug|Win32
		{A8865CD9-327E-4F08-B481-2465DF2629DB}.Debug|x86.Build.0 = Debug|Win32
		{A8865CD9-327E-4F08-B481-2465DF2629DB}.Release|x64.ActiveCfg = Release|x64
		{A8865CD9-327E-4F08-B481-2465DF2629DB}.Release|x64.Build.0 = Release|x64
		{A8865CD9-327E-4F08-B481-2465DF2629DB}.Release|x86.ActiveCfg = Release|Win32
		{A8865CD9-327E-4F08-B481-2465DF2629DB}.Release|x86.Build.0 = Release|Win32
	EndGlobalSection
	GlobalSection(SolutionProperties) = preSolution
		HideSolutionNode = FALSE
	EndGlobalSection
	GlobalSection(ExtensibilityGlobals) = postSolution
		SolutionGuid = {394FAF6D-C565-421C-8BBD-3636B1FAEF27}
	EndGlobalSection
EndGlobal
