
Microsoft Visual Studio Solution File, Format Version 12.00
# Visual Studio Version 16
VisualStudioVersion = 16.0.32602.291
MinimumVisualStudioVersion = 10.0.40219.1
Project("{8BC9CEB8-8B4A-11D0-8D11-00A0C91BC942}") = "day21-CouroutineServer", "day21-CouroutineServer\day21-CouroutineServer.vcxproj", "{0C55A9AA-CB09-40C3-B6A3-38587C7A7789}"
EndProject
Project("{8BC9CEB8-8B4A-11D0-8D11-00A0C91BC942}") = "TestClient", "TestClient\TestClient.vcxproj", "{A5233753-8467-49AE-ABB1-C41906AC1D59}"
EndProject
Global
	GlobalSection(SolutionConfigurationPlatforms) = preSolution
		Debug|x64 = Debug|x64
		Debug|x86 = Debug|x86
		Release|x64 = Release|x64
		Release|x86 = Release|x86
	EndGlobalSection
	GlobalSection(ProjectConfigurationPlatforms) = postSolution
		{0C55A9AA-CB09-40C3-B6A3-38587C7A7789}.Debug|x64.ActiveCfg = Debug|x64
		{0C55A9AA-CB09-40C3-B6A3-38587C7A7789}.Debug|x64.Build.0 = Debug|x64
		{0C55A9AA-CB09-40C3-B6A3-38587C7A7789}.Debug|x86.ActiveCfg = Debug|Win32
		{0C55A9AA-CB09-40C3-B6A3-38587C7A7789}.Debug|x86.Build.0 = Debug|Win32
		{0C55A9AA-CB09-40C3-B6A3-38587C7A7789}.Release|x64.ActiveCfg = Release|x64
		{0C55A9AA-CB09-40C3-B6A3-38587C7A7789}.Release|x64.Build.0 = Release|x64
		{0C55A9AA-CB09-40C3-B6A3-38587C7A7789}.Release|x86.ActiveCfg = Release|Win32
		{0C55A9AA-CB09-40C3-B6A3-38587C7A7789}.Release|x86.Build.0 = Release|Win32
		{A5233753-8467-49AE-ABB1-C41906AC1D59}.Debug|x64.ActiveCfg = Debug|x64
		{A5233753-8467-49AE-ABB1-C41906AC1D59}.Debug|x64.Build.0 = Debug|x64
		{A5233753-8467-49AE-ABB1-C41906AC1D59}.Debug|x86.ActiveCfg = Debug|Win32
		{A5233753-8467-49AE-ABB1-C41906AC1D59}.Debug|x86.Build.0 = Debug|Win32
		{A5233753-8467-49AE-ABB1-C41906AC1D59}.Release|x64.ActiveCfg = Release|x64
		{A5233753-8467-49AE-ABB1-C41906AC1D59}.Release|x64.Build.0 = Release|x64
		{A5233753-8467-49AE-ABB1-C41906AC1D59}.Release|x86.ActiveCfg = Release|Win32
		{A5233753-8467-49AE-ABB1-C41906AC1D59}.Release|x86.Build.0 = Release|Win32
	EndGlobalSection
	GlobalSection(SolutionProperties) = preSolution
		HideSolutionNode = FALSE
	EndGlobalSection
	GlobalSection(ExtensibilityGlobals) = postSolution
		SolutionGuid = {A20E991F-E959-47D0-BA7B-91490F528552}
	EndGlobalSection
EndGlobal
