
Microsoft Visual Studio Solution File, Format Version 12.00
# Visual Studio Version 16
VisualStudioVersion = 16.0.34114.132
MinimumVisualStudioVersion = 10.0.40219.1
Project("{8BC9CEB8-8B4A-11D0-8D11-00A0C91BC942}") = "day27-udphole-server", "day27-udphole-server.vcxproj", "{B5CAD626-12DF-42F2-B735-7A3D12105DBA}"
EndProject
Global
	GlobalSection(SolutionConfigurationPlatforms) = preSolution
		Debug|x64 = Debug|x64
		Debug|x86 = Debug|x86
		Release|x64 = Release|x64
		Release|x86 = Release|x86
	EndGlobalSection
	GlobalSection(ProjectConfigurationPlatforms) = postSolution
		{B5CAD626-12DF-42F2-B735-7A3D12105DBA}.Debug|x64.ActiveCfg = Debug|x64
		{B5CAD626-12DF-42F2-B735-7A3D12105DBA}.Debug|x64.Build.0 = Debug|x64
		{B5CAD626-12DF-42F2-B735-7A3D12105DBA}.Debug|x86.ActiveCfg = Debug|Win32
		{B5CAD626-12DF-42F2-B735-7A3D12105DBA}.Debug|x86.Build.0 = Debug|Win32
		{B5CAD626-12DF-42F2-B735-7A3D12105DBA}.Release|x64.ActiveCfg = Release|x64
		{B5CAD626-12DF-42F2-B735-7A3D12105DBA}.Release|x64.Build.0 = Release|x64
		{B5CAD626-12DF-42F2-B735-7A3D12105DBA}.Release|x86.ActiveCfg = Release|Win32
		{B5CAD626-12DF-42F2-B735-7A3D12105DBA}.Release|x86.Build.0 = Release|Win32
	EndGlobalSection
	GlobalSection(SolutionProperties) = preSolution
		HideSolutionNode = FALSE
	EndGlobalSection
	GlobalSection(ExtensibilityGlobals) = postSolution
		SolutionGuid = {B7CDF521-FD8A-474F-8F4B-BC2D6393A2EC}
	EndGlobalSection
EndGlobal
